<?xml version="1.0" encoding="utf-8"?>
<Project ToolsVersion="4.0" xmlns="http://schemas.microsoft.com/developer/msbuild/2003">
  <ItemGroup>
    <Filter Include="Source Files">
      <UniqueIdentifier>{4FC737F1-C7A5-4376-A066-2A32D752A2FF}</UniqueIdentifier>
      <Extensions>cpp;c;cc;cxx;c++;cppm;ixx;def;odl;idl;hpj;bat;asm;asmx</Extensions>
    </Filter>
    <Filter Include="Header Files">
      <UniqueIdentifier>{93995380-89BD-4b04-88EB-625FBE52EBFB}</UniqueIdentifier>
      <Extensions>h;hh;hpp;hxx;h++;hm;inl;inc;ipp;xsd</Extensions>
    </Filter>
    <Filter Include="Resource Files">
      <UniqueIdentifier>{67DA6AB6-F800-4c08-8B7A-83BB121AAD01}</UniqueIdentifier>
      <Extensions>rc;ico;cur;bmp;dlg;rc2;rct;bin;rgs;gif;jpg;jpeg;jpe;resx;tiff;tif;png;wav;mfcribbon-ms</Extensions>
    </Filter>
    <Filter Include="Header Files\dap">
      <UniqueIdentifier>{dbe50188-5856-4ffc-9fcf-0d9d8df9c262}</UniqueIdentifier>
    </Filter>
    <Filter Include="Source Files\dap">
      <UniqueIdentifier>{45ea408d-f636-4774-9539-7c2cbeb50759}</UniqueIdentifier>
    </Filter>
    <Filter Include="Source Files\qvm">
      <UniqueIdentifier>{924884f5-13ae-4508-9436-16aeaa607bc0}</UniqueIdentifier>
    </Filter>
    <Filter Include="Header Files\qvm">
      <UniqueIdentifier>{4466447a-bf58-4436-89b5-425216897b12}</UniqueIdentifier>
    </Filter>
    <Filter Include="Header Files\interfaces">
      <UniqueIdentifier>{6e766f92-7907-4a3a-80e0-395d7dc5a951}</UniqueIdentifier>
    </Filter>
    <Filter Include="Source Files\ws">
      <UniqueIdentifier>{e17ba199-f3aa-4e19-ba36-3375eec0178f}</UniqueIdentifier>
    </Filter>
    <Filter Include="Header Files\ws">
      <UniqueIdentifier>{d7c703cb-3d58-4428-a6e4-7e1ae2b80c8b}</UniqueIdentifier>
    </Filter>
  </ItemGroup>
  <ItemGroup>
    <ClCompile Include="QSCore.cpp">
      <Filter>Source Files</Filter>
    </ClCompile>
    <ClCompile Include="Debugger.cpp">
      <Filter>Source Files</Filter>
    </ClCompile>
    <ClCompile Include="dap\content_stream.cpp">
      <Filter>Source Files\dap</Filter>
    </ClCompile>
    <ClCompile Include="dap\io.cpp">
      <Filter>Source Files\dap</Filter>
    </ClCompile>
    <ClCompile Include="dap\nlohmann_json_serializer.cpp">
      <Filter>Source Files\dap</Filter>
    </ClCompile>
    <ClCompile Include="dap\protocol_events.cpp">
      <Filter>Source Files\dap</Filter>
    </ClCompile>
    <ClCompile Include="dap\protocol_requests.cpp">
      <Filter>Source Files\dap</Filter>
    </ClCompile>
    <ClCompile Include="dap\protocol_response.cpp">
      <Filter>Source Files\dap</Filter>
    </ClCompile>
    <ClCompile Include="dap\protocol_types.cpp">
      <Filter>Source Files\dap</Filter>
    </ClCompile>
    <ClCompile Include="dap\session.cpp">
      <Filter>Source Files\dap</Filter>
    </ClCompile>
    <ClCompile Include="dap\socket.cpp">
      <Filter>Source Files\dap</Filter>
    </ClCompile>
    <ClCompile Include="dap\typeinfo.cpp">
      <Filter>Source Files\dap</Filter>
    </ClCompile>
    <ClCompile Include="dap\typeof.cpp">
      <Filter>Source Files\dap</Filter>
    </ClCompile>
    <ClCompile Include="dap\null_json_serializer.cpp">
      <Filter>Source Files\dap</Filter>
    </ClCompile>
    <ClCompile Include="Event.cpp">
      <Filter>Source Files</Filter>
    </ClCompile>
    <ClCompile Include="dap\network.cpp">
      <Filter>Source Files\dap</Filter>
    </ClCompile>
    <ClCompile Include="qvm\QppQVM.cpp">
      <Filter>Source Files\qvm</Filter>
    </ClCompile>
    <ClCompile Include="Log.cpp">
      <Filter>Source Files</Filter>
    </ClCompile>
    <ClCompile Include="Utils.cpp">
      <Filter>Source Files</Filter>
    </ClCompile>
    <ClCompile Include="ws\WSListener.cpp">
      <Filter>Source Files\ws</Filter>
    </ClCompile>
    <ClCompile Include="ws\WSServer.cpp">
      <Filter>Source Files\ws</Filter>
    </ClCompile>
    <ClCompile Include="ws\WSSession.cpp">
      <Filter>Source Files\ws</Filter>
    </ClCompile>
    <ClCompile Include="WebFrontend.cpp">
      <Filter>Source Files</Filter>
    </ClCompile>
  </ItemGroup>
  <ItemGroup>
    <ClInclude Include="Debugger.h">
      <Filter>Header Files</Filter>
    </ClInclude>
    <ClInclude Include="dap\any.h">
      <Filter>Header Files\dap</Filter>
    </ClInclude>
    <ClInclude Include="dap\dap.h">
      <Filter>Header Files\dap</Filter>
    </ClInclude>
    <ClInclude Include="dap\future.h">
      <Filter>Header Files\dap</Filter>
    </ClInclude>
    <ClInclude Include="dap\io.h">
      <Filter>Header Files\dap</Filter>
    </ClInclude>
    <ClInclude Include="dap\network.h">
      <Filter>Header Files\dap</Filter>
    </ClInclude>
    <ClInclude Include="dap\optional.h">
      <Filter>Header Files\dap</Filter>
    </ClInclude>
    <ClInclude Include="dap\protocol.h">
      <Filter>Header Files\dap</Filter>
    </ClInclude>
    <ClInclude Include="dap\serialization.h">
      <Filter>Header Files\dap</Filter>
    </ClInclude>
    <ClInclude Include="dap\session.h">
      <Filter>Header Files\dap</Filter>
    </ClInclude>
    <ClInclude Include="dap\traits.h">
      <Filter>Header Files\dap</Filter>
    </ClInclude>
    <ClInclude Include="dap\typeinfo.h">
      <Filter>Header Files\dap</Filter>
    </ClInclude>
    <ClInclude Include="dap\typeof.h">
      <Filter>Header Files\dap</Filter>
    </ClInclude>
    <ClInclude Include="dap\types.h">
      <Filter>Header Files\dap</Filter>
    </ClInclude>
    <ClInclude Include="dap\variant.h">
      <Filter>Header Files\dap</Filter>
    </ClInclude>
    <ClInclude Include="Event.h">
      <Filter>Header Files</Filter>
    </ClInclude>
    <ClInclude Include="qvm\QppQVM.h">
      <Filter>Header Files\qvm</Filter>
    </ClInclude>
    <ClInclude Include="interfaces\iqvm.h">
      <Filter>Header Files\interfaces</Filter>
    </ClInclude>
    <ClInclude Include="Log.h">
      <Filter>Header Files</Filter>
    </ClInclude>
    <ClInclude Include="Utils.h">
      <Filter>Header Files</Filter>
    </ClInclude>
    <ClInclude Include="ws\WSListener.h">
      <Filter>Header Files\ws</Filter>
    </ClInclude>
    <ClInclude Include="ws\WSServer.h">
      <Filter>Header Files\ws</Filter>
    </ClInclude>
    <ClInclude Include="ws\WSSession.h">
      <Filter>Header Files\ws</Filter>
    </ClInclude>
    <ClInclude Include="WebFrontend.h">
      <Filter>Header Files</Filter>
    </ClInclude>
    <ClInclude Include="interfaces\ifrontend.h">
      <Filter>Header Files\interfaces</Filter>
    </ClInclude>
  </ItemGroup>
</Project>